
Microsoft Visual Studio Solution File, Format Version 12.00
# Visual Studio Version 17
VisualStudioVersion = 17.14.36518.9
MinimumVisualStudioVersion = 10.0.40219.1
Project("{FAE04EC0-301F-11D3-BF4B-00C04F79EFBC}") = "Csharp_AdvancedConcepts", "Csharp_AdvancedConcepts\Csharp_AdvancedConcepts.csproj", "{C827A2CF-B344-4606-99E8-00A8A82E4352}"
EndProject
Project("{FAE04EC0-301F-11D3-BF4B-00C04F79EFBC}") = "DataLogic", "DataLogic\DataLogic.csproj", "{0DEFD9A9-A244-4E4C-8C73-D0F973174C78}"
EndProject
Global
	GlobalSection(SolutionConfigurationPlatforms) = preSolution
		Debug|Any CPU = Debug|Any CPU
		Release|Any CPU = Release|Any CPU
	EndGlobalSection
	GlobalSection(ProjectConfigurationPlatforms) = postSolution
		{C827A2CF-B344-4606-99E8-00A8A82E4352}.Debug|Any CPU.ActiveCfg = Debug|Any CPU
		{C827A2CF-B344-4606-99E8-00A8A82E4352}.Debug|Any CPU.Build.0 = Debug|Any CPU
		{C827A2CF-B344-4606-99E8-00A8A82E4352}.Release|Any CPU.ActiveCfg = Release|Any CPU
		{C827A2CF-B344-4606-99E8-00A8A82E4352}.Release|Any CPU.Build.0 = Release|Any CPU
		{0DEFD9A9-A244-4E4C-8C73-D0F973174C78}.Debug|Any CPU.ActiveCfg = Debug|Any CPU
		{0DEFD9A9-A244-4E4C-8C73-D0F973174C78}.Debug|Any CPU.Build.0 = Debug|Any CPU
		{0DEFD9A9-A244-4E4C-8C73-D0F973174C78}.Release|Any CPU.ActiveCfg = Release|Any CPU
		{0DEFD9A9-A244-4E4C-8C73-D0F973174C78}.Release|Any CPU.Build.0 = Release|Any CPU
	EndGlobalSection
	GlobalSection(SolutionProperties) = preSolution
		HideSolutionNode = FALSE
	EndGlobalSection
	GlobalSection(ExtensibilityGlobals) = postSolution
		SolutionGuid = {C657C67B-8AC3-4CCB-A7D3-0C5225C73B02}
	EndGlobalSection
EndGlobal
